{
    "_readme": [
        "This file locks the dependencies of your project to a known state",
        "Read more about it at https://getcomposer.org/doc/01-basic-usage.md#composer-lock-the-lock-file",
        "This file is @generated automatically"
    ],
    "hash": "a00d3c7968d5e082a14395d7229bf2c5",
    "content-hash": "e35a34092bbe0662fc84dc7d40ce0eb5",
    "packages": [
        {
            "name": "htmlawed/htmlawed",
            "version": "1.1.19",
            "source": {
                "type": "git",
                "url": "https://github.com/kesar/HTMLawed.git",
                "reference": "620c38edd57e680260ebd8dd0e98167d97e9a7bf"
            },
            "dist": {
                "type": "zip",
                "url": "https://api.github.com/repos/kesar/HTMLawed/zipball/620c38edd57e680260ebd8dd0e98167d97e9a7bf",
                "reference": "620c38edd57e680260ebd8dd0e98167d97e9a7bf",
                "shasum": ""
            },
            "require": {
                "php": ">4.4.0"
            },
            "type": "library",
            "autoload": {
                "files": [
                    "htmLawed.php"
                ]
            },
            "notification-url": "https://packagist.org/downloads/",
            "license": [
                "GPL-2.0+",
                "LGPL-3.0"
            ],
            "authors": [
                {
                    "name": "Santosh Patnaik",
                    "homepage": "http://www.bioinformatics.org/people/index.php?user_hash=558b661f92d0ff7b",
                    "role": "Developer"
                }
            ],
            "description": "htmLawed - Process text with HTML markup to make it more compliant with HTML  standards and administrative policies",
            "homepage": "http://www.bioinformatics.org/phplabware/internal_utilities/htmLawed/",
            "keywords": [
                "HTMLtidy",
                "html",
                "sanitize",
                "strip",
                "tags"
            ],
            "time": "2015-04-05 17:23:05"
        },
        {
            "name": "ircmaxell/password-compat",
            "version": "v1.0.4",
            "source": {
                "type": "git",
                "url": "https://github.com/ircmaxell/password_compat.git",
                "reference": "5c5cde8822a69545767f7c7f3058cb15ff84614c"
            },
            "dist": {
                "type": "zip",
                "url": "https://api.github.com/repos/ircmaxell/password_compat/zipball/5c5cde8822a69545767f7c7f3058cb15ff84614c",
                "reference": "5c5cde8822a69545767f7c7f3058cb15ff84614c",
                "shasum": ""
            },
            "require-dev": {
                "phpunit/phpunit": "4.*"
            },
            "type": "library",
            "autoload": {
                "files": [
                    "lib/password.php"
                ]
            },
            "notification-url": "https://packagist.org/downloads/",
            "license": [
                "MIT"
            ],
            "authors": [
                {
                    "name": "Anthony Ferrara",
                    "email": "ircmaxell@php.net",
                    "homepage": "http://blog.ircmaxell.com"
                }
            ],
            "description": "A compatibility library for the proposed simplified password hashing algorithm: https://wiki.php.net/rfc/password_hash",
            "homepage": "https://github.com/ircmaxell/password_compat",
            "keywords": [
                "hashing",
                "password"
            ],
            "time": "2014-11-20 16:49:30"
        },
        {
            "name": "suin/php-rss-writer",
            "version": "1.3.3",
            "source": {
                "type": "git",
                "url": "https://github.com/suin/php-rss-writer.git",
                "reference": "cefbcbe5a85f20d2d0ea1eeb9a6345cafc1803ac"
            },
            "dist": {
                "type": "zip",
                "url": "https://api.github.com/repos/suin/php-rss-writer/zipball/cefbcbe5a85f20d2d0ea1eeb9a6345cafc1803ac",
                "reference": "cefbcbe5a85f20d2d0ea1eeb9a6345cafc1803ac",
                "shasum": ""
            },
            "require": {
                "php": ">=5.4.0"
            },
            "type": "library",
            "autoload": {
                "psr-0": {
                    "Suin\\RSSWriter": "src"
                }
            },
            "notification-url": "https://packagist.org/downloads/",
            "license": [
                "MIT"
            ],
            "authors": [
                {
                    "name": "Hidehito Nozawa aka Suin",
                    "email": "suinyeze@gmail.com"
                }
            ],
            "description": "Yet another simple RSS writer library for PHP 5.4 or later.",
            "homepage": "https://github.com/suin/php-rss-writer",
            "keywords": [
                "feed",
                "generator",
                "php",
                "rss",
                "writer"
            ],
            "time": "2016-03-01 12:50:23"
        },
        {
            "name": "twig/twig",
            "version": "v1.24.0",
            "source": {
                "type": "git",
                "url": "https://github.com/twigphp/Twig.git",
                "reference": "3e5aa30ebfbafd5951fb1b01e338e1800ce7e0e8"
            },
            "dist": {
                "type": "zip",
                "url": "https://api.github.com/repos/twigphp/Twig/zipball/3e5aa30ebfbafd5951fb1b01e338e1800ce7e0e8",
                "reference": "3e5aa30ebfbafd5951fb1b01e338e1800ce7e0e8",
                "shasum": ""
            },
            "require": {
                "php": ">=5.2.7"
            },
            "require-dev": {
                "symfony/debug": "~2.7",
                "symfony/phpunit-bridge": "~2.7"
            },
            "type": "library",
            "extra": {
                "branch-alias": {
                    "dev-master": "1.24-dev"
                }
            },
            "autoload": {
                "psr-0": {
                    "Twig_": "lib/"
                }
            },
            "notification-url": "https://packagist.org/downloads/",
            "license": [
                "BSD-3-Clause"
            ],
            "authors": [
                {
                    "name": "Fabien Potencier",
                    "email": "fabien@symfony.com",
                    "homepage": "http://fabien.potencier.org",
                    "role": "Lead Developer"
                },
                {
                    "name": "Armin Ronacher",
                    "email": "armin.ronacher@active-4.com",
                    "role": "Project Founder"
                },
                {
                    "name": "Twig Team",
                    "homepage": "http://twig.sensiolabs.org/contributors",
                    "role": "Contributors"
                }
            ],
            "description": "Twig, the flexible, fast, and secure template language for PHP",
            "homepage": "http://twig.sensiolabs.org",
            "keywords": [
                "templating"
            ],
            "time": "2016-01-25 21:22:18"
        }
    ],
    "packages-dev": [],
    "aliases": [],
    "minimum-stability": "stable",
    "stability-flags": [],
    "prefer-stable": false,
    "prefer-lowest": false,
    "platform": [],
    "platform-dev": []
}
